# This file is automatically @generated by Cargo.
# It is not intended for manual editing.
[[package]]
name = "deunicode"
version = "0.4.3"
source = "registry+https://github.com/rust-lang/crates.io-index"
checksum = "850878694b7933ca4c9569d30a34b55031b9b139ee1fc7b94a527c4ef960d690"

[[package]]
name = "slug"
version = "0.1.4"
source = "registry+https://github.com/rust-lang/crates.io-index"
checksum = "b3bc762e6a4b6c6fcaade73e77f9ebc6991b676f88bb2358bddb56560f073373"
dependencies = [
 "deunicode",
]

[[package]]
name = "sluggy"
version = "0.1.0"
dependencies = [
 "slug",
]
